# This file is automatically @generated by Poetry 1.8.3 and should not be changed by hand.

[[package]]
name = "beartype"
version = "0.18.5"
description = "Unbearably fast runtime type checking in pure Python."
optional = false
python-versions = ">=3.8.0"
files = [
    {file = "beartype-0.18.5-py3-none-any.whl", hash = "sha256:5301a14f2a9a5540fe47ec6d34d758e9cd8331d36c4760fc7a5499ab86310089"},
    {file = "beartype-0.18.5.tar.gz", hash = "sha256:264ddc2f1da9ec94ff639141fbe33d22e12a9f75aa863b83b7046ffff1381927"},
]

[package.extras]
all = ["typing-extensions (>=3.10.0.0)"]
dev = ["autoapi (>=0.9.0)", "coverage (>=5.5)", "equinox", "mypy (>=0.800)", "numpy", "pandera", "pydata-sphinx-theme (<=0.7.2)", "pytest (>=4.0.0)", "sphinx", "sphinx (>=4.2.0,<6.0.0)", "sphinxext-opengraph (>=0.7.5)", "tox (>=3.20.1)", "typing-extensions (>=3.10.0.0)"]
doc-rtd = ["autoapi (>=0.9.0)", "pydata-sphinx-theme (<=0.7.2)", "sphinx (>=4.2.0,<6.0.0)", "sphinxext-opengraph (>=0.7.5)"]
test-tox = ["equinox", "mypy (>=0.800)", "numpy", "pandera", "pytest (>=4.0.0)", "sphinx", "typing-extensions (>=3.10.0.0)"]
test-tox-coverage = ["coverage (>=5.5)"]

[[package]]
name = "jaxtyping"
version = "0.2.33"
description = "Type annotations and runtime checking for shape and dtype of JAX arrays, and PyTrees."
optional = false
python-versions = "~=3.9"
files = [
    {file = "jaxtyping-0.2.33-py3-none-any.whl", hash = "sha256:918d6094c73f28d3196185ef55d1832cbcd2804d1d388f180060c4366a9e2107"},
    {file = "jaxtyping-0.2.33.tar.gz", hash = "sha256:9a9cfccae4fe05114b9fb27a5ea5440be4971a5a075bbd0526f6dd7d2730f83e"},
]

[package.dependencies]
typeguard = "2.13.3"

[[package]]
name = "pysnooper"
version = "1.2.0"
description = "A poor man's debugger for Python."
optional = false
python-versions = "*"
files = [
    {file = "PySnooper-1.2.0-py2.py3-none-any.whl", hash = "sha256:aa859aa9a746cffc1f35e4ee469d49c3cc5185b5fc0c571feb3af3c94d2eb625"},
    {file = "PySnooper-1.2.0.tar.gz", hash = "sha256:810669e162a250a066d8662e573adbc5af770e937c5b5578f28bb7355d1c859b"},
]

[package.extras]
tests = ["pytest"]

[[package]]
name = "typeguard"
version = "2.13.3"
description = "Run-time type checker for Python"
optional = false
python-versions = ">=3.5.3"
files = [
    {file = "typeguard-2.13.3-py3-none-any.whl", hash = "sha256:5e3e3be01e887e7eafae5af63d1f36c849aaa94e3a0112097312aabfa16284f1"},
    {file = "typeguard-2.13.3.tar.gz", hash = "sha256:00edaa8da3a133674796cf5ea87d9f4b4c367d77476e185e80251cc13dfbb8c4"},
]

[package.extras]
doc = ["sphinx-autodoc-typehints (>=1.2.0)", "sphinx-rtd-theme"]
test = ["mypy", "pytest", "typing-extensions"]

[[package]]
name = "typing-extensions"
version = "4.12.2"
description = "Backported and Experimental Type Hints for Python 3.8+"
optional = false
python-versions = ">=3.8"
files = [
    {file = "typing_extensions-4.12.2-py3-none-any.whl", hash = "sha256:04e5ca0351e0f3f85c6853954072df659d0d13fac324d0072316b67d7794700d"},
    {file = "typing_extensions-4.12.2.tar.gz", hash = "sha256:1a7ead55c7e559dd4dee8856e3a88b41225abfe1ce8df57b7c13915fe121ffb8"},
]

[metadata]
lock-version = "2.0"
python-versions = "^3.10"
content-hash = "56cfa0537bb69916c50b3bb43d13adee865a3c0c689084c1c34a0f36bd99bc05"
